
Microsoft Visual Studio Solution File, Format Version 12.00
# Visual Studio 2013
VisualStudioVersion = 12.0.31101.0
MinimumVisualStudioVersion = 10.0.40219.1
Project("{FAE04EC0-301F-11D3-BF4B-00C04F79EFBC}") = "Serbench", "Serbench\Serbench.csproj", "{2DA28C3B-6250-41CA-91A0-3A9045B473AC}"
EndProject
Project("{FAE04EC0-301F-11D3-BF4B-00C04F79EFBC}") = "sb", "sb\sb.csproj", "{691E204E-228B-4F76-B23D-465B4B9FCEEA}"
EndProject
Project("{FAE04EC0-301F-11D3-BF4B-00C04F79EFBC}") = "Serbench.Specimens", "Serbench.Specimens\Serbench.Specimens.csproj", "{78D93D3B-2F69-4D1E-B947-C75BA098E627}"
EndProject
Project("{2150E333-8FDC-42A3-9474-1A3956D46DE8}") = "lib", "lib", "{6748725B-A5CD-4C77-A87C-85A239E32BCB}"
	ProjectSection(SolutionItems) = preProject
		lib\NFX.dll = lib\NFX.dll
		lib\NFX.Wave.dll = lib\NFX.Wave.dll
		lib\NFX.Wave.XML = lib\NFX.Wave.XML
		lib\NFX.Web.dll = lib\NFX.Web.dll
		lib\NFX.Web.XML = lib\NFX.Web.XML
		lib\NFX.XML = lib\NFX.XML
		lib\ntc.exe = lib\ntc.exe
	EndProjectSection
EndProject
Project("{2150E333-8FDC-42A3-9474-1A3956D46DE8}") = ".nuget", ".nuget", "{727B275C-5D55-4214-98D0-222EE6650F11}"
	ProjectSection(SolutionItems) = preProject
		.nuget\NuGet.Config = .nuget\NuGet.Config
		.nuget\NuGet.exe = .nuget\NuGet.exe
		.nuget\NuGet.targets = .nuget\NuGet.targets
	EndProjectSection
EndProject
Global
	GlobalSection(SolutionConfigurationPlatforms) = preSolution
		Debug|Any CPU = Debug|Any CPU
		Release|Any CPU = Release|Any CPU
	EndGlobalSection
	GlobalSection(ProjectConfigurationPlatforms) = postSolution
		{2DA28C3B-6250-41CA-91A0-3A9045B473AC}.Debug|Any CPU.ActiveCfg = Debug|Any CPU
		{2DA28C3B-6250-41CA-91A0-3A9045B473AC}.Debug|Any CPU.Build.0 = Debug|Any CPU
		{2DA28C3B-6250-41CA-91A0-3A9045B473AC}.Release|Any CPU.ActiveCfg = Release|Any CPU
		{2DA28C3B-6250-41CA-91A0-3A9045B473AC}.Release|Any CPU.Build.0 = Release|Any CPU
		{691E204E-228B-4F76-B23D-465B4B9FCEEA}.Debug|Any CPU.ActiveCfg = Debug|Any CPU
		{691E204E-228B-4F76-B23D-465B4B9FCEEA}.Debug|Any CPU.Build.0 = Debug|Any CPU
		{691E204E-228B-4F76-B23D-465B4B9FCEEA}.Release|Any CPU.ActiveCfg = Release|Any CPU
		{691E204E-228B-4F76-B23D-465B4B9FCEEA}.Release|Any CPU.Build.0 = Release|Any CPU
		{78D93D3B-2F69-4D1E-B947-C75BA098E627}.Debug|Any CPU.ActiveCfg = Debug|Any CPU
		{78D93D3B-2F69-4D1E-B947-C75BA098E627}.Debug|Any CPU.Build.0 = Debug|Any CPU
		{78D93D3B-2F69-4D1E-B947-C75BA098E627}.Release|Any CPU.ActiveCfg = Release|Any CPU
		{78D93D3B-2F69-4D1E-B947-C75BA098E627}.Release|Any CPU.Build.0 = Release|Any CPU
	EndGlobalSection
	GlobalSection(SolutionProperties) = preSolution
		HideSolutionNode = FALSE
	EndGlobalSection
EndGlobal
